{
  "name": "plv-classroom-assignment-functions",
  "lockfileVersion": 3,
  "requires": true,
  "packages": {
    "": {
      "dependencies": {
        "plv-classroom-assignment-functions": "file:.."
      }
    },
    "..": {
      "dependencies": {
        "digital-classroom-assignment-for-plv-ceit-bldg": "file:..",
        "firebase-admin": "^11.11.1",
        "firebase-functions": "^5.0.0",
        "web-push": "^3.5.0"
      },
      "devDependencies": {
        "@types/lodash": "^4.14.200",
        "@types/semver": "^7.3.12",
        "@types/yauzl": "^2.10.0",
        "typescript": "^5.0.0"
      },
      "engines": {
        "node": "20"
      }
    },
    "node_modules/plv-classroom-assignment-functions": {
      "resolved": "..",
      "link": true
    }
  }
}
